
Microsoft Visual Studio Solution File, Format Version 12.00
# Visual Studio Version 17
VisualStudioVersion = 17.14.36414.22 d17.14
MinimumVisualStudioVersion = 10.0.40219.1
Project("{FAE04EC0-301F-11D3-BF4B-00C04F79EFBC}") = "CollegeSchedule", "CollegeSchedule.csproj", "{02DFA5F2-0FAF-4D88-92DD-A91EFA23EF91}"
EndProject
Global
	GlobalSection(SolutionConfigurationPlatforms) = preSolution
		Debug|Any CPU = Debug|Any CPU
		Release|Any CPU = Release|Any CPU
	EndGlobalSection
	GlobalSection(ProjectConfigurationPlatforms) = postSolution
		{02DFA5F2-0FAF-4D88-92DD-A91EFA23EF91}.Debug|Any CPU.ActiveCfg = Debug|Any CPU
		{02DFA5F2-0FAF-4D88-92DD-A91EFA23EF91}.Debug|Any CPU.Build.0 = Debug|Any CPU
		{02DFA5F2-0FAF-4D88-92DD-A91EFA23EF91}.Release|Any CPU.ActiveCfg = Release|Any CPU
		{02DFA5F2-0FAF-4D88-92DD-A91EFA23EF91}.Release|Any CPU.Build.0 = Release|Any CPU
	EndGlobalSection
	GlobalSection(SolutionProperties) = preSolution
		HideSolutionNode = FALSE
	EndGlobalSection
	GlobalSection(ExtensibilityGlobals) = postSolution
		SolutionGuid = {AEBA139E-D590-4E7A-B04E-15AEEE95F249}
	EndGlobalSection
EndGlobal
